{
  "name": "narik-5d-ai",
  "version": "0.1.0",
  "lockfileVersion": 3,
  "requires": true,
  "packages": {
    "": {
      "name": "narik-5d-ai",
      "version": "0.1.0",
      "license": "AGPL-3.0-or-later",
      "dependencies": {
        "5d-chess-js": "1.2.1"
      },
      "engines": {
        "node": ">=22"
      }
    },
    "node_modules/5d-chess-js": {
      "version": "1.2.1",
      "resolved": "https://registry.npmjs.org/5d-chess-js/-/5d-chess-js-1.2.1.tgz",
      "integrity": "sha512-lmS8rS2sWvmjeRrBu27Csr4Qjjg+VZXjogDiAAlsD+5zQ99HaLUsOeoEj3vdGXrCwCjVZ+fkKQShOcCIUoL94A==",
      "license": "AGPL-3.0-or-later",
      "dependencies": {
        "blueimp-md5": "^2.18.0",
        "module-alias": "^2.2.2",
        "present": "^1.0.0"
      }
    },
    "node_modules/blueimp-md5": {
      "version": "2.19.0",
      "resolved": "https://registry.npmjs.org/blueimp-md5/-/blueimp-md5-2.19.0.tgz",
      "integrity": "sha512-DRQrD6gJyy8FbiE4s+bDoXS9hiW3Vbx5uCdwvcCf3zLHL+Iv7LtGHLpr+GZV8rHG8tK766FGYBwRbu8pELTt+w==",
      "license": "MIT"
    },
    "node_modules/module-alias": {
      "version": "2.3.4",
      "resolved": "https://registry.npmjs.org/module-alias/-/module-alias-2.3.4.tgz",
      "integrity": "sha512-bOclZt8hkpuGgSSoG07PKmvzTizROilUTvLNyrMqvlC9snhs7y7GzjNWAVbISIOlhCP1T14rH1PDAV9iNyBq/w==",
      "license": "MIT"
    },
    "node_modules/present": {
      "version": "1.0.0",
      "resolved": "https://registry.npmjs.org/present/-/present-1.0.0.tgz",
      "integrity": "sha512-Wx1aWTxGwXkqKNr/JxdP91qC0Gs+ZqmMgAFRkYjcGAsONZNbVdwDPqacSq3H7pp/GO1N7cCK97QzR7F152eFXQ==",
      "license": "MIT"
    }
  }
}
